{
  "name": "ResourceMonitorManager",
  "version": "1.0.1",
  "description": "Windows system resource monitoring and cleanup tool",
  "language": "python",
  "python_version": ">=3.7",
  "lockfileVersion": 1,
  "requires": true,
  "dependencies": {
    "psutil": {
      "version": "5.9.8",
      "resolved": "https://pypi.org/project/psutil/5.9.8/",
      "description": "Cross-platform lib for process and system monitoring in Python",
      "platform": "cross-platform"
    },
    "pywin32": {
      "version": ">=307",
      "resolved": "https://pypi.org/project/pywin32/",
      "description": "Python for Windows (pywin32) Extensions",
      "platform": "windows-only",
      "note": "Required for Windows API access and service management"
    }
  },
  "devDependencies": {},
  "scripts": {
    "start": "python main.py",
    "start:cli": "python main.py --cli",
    "install": "pip install -r requirements.txt",
    "test": "python -m pytest",
    "lint": "python -m flake8 *.py"
  },
  "platforms": ["windows"],
  "license": "MIT",
  "repository": {
    "type": "git",
    "url": "."
  },
  "keywords": [
    "windows",
    "system-monitor",
    "process-manager",
    "service-manager",
    "resource-monitor",
    "cleanup-tool",
    "system-optimization"
  ],
  "author": "Resource Monitor Scanner Project",
  "generated": "2025-06-18T18:50:00.000Z",
  "generator": "manual"
}
